
Microsoft Visual Studio Solution File, Format Version 12.00
# Visual Studio Version 17
VisualStudioVersion = 17.14.36414.22
MinimumVisualStudioVersion = 10.0.40219.1
Project("{FAE04EC0-301F-11D3-BF4B-00C04F79EFBC}") = "Prog6212", "Pro6212\Prog6212.csproj", "{D0290791-D056-4940-B789-A08E38525FF0}"
EndProject
Project("{FAE04EC0-301F-11D3-BF4B-00C04F79EFBC}") = "Prog6212.Tests", "Prog6212.Tests\Prog6212.Tests.csproj", "{ABEE288D-1612-4BAE-B439-FD1618F00814}"
EndProject
Global
	GlobalSection(SolutionConfigurationPlatforms) = preSolution
		Debug|Any CPU = Debug|Any CPU
		Release|Any CPU = Release|Any CPU
	EndGlobalSection
	GlobalSection(ProjectConfigurationPlatforms) = postSolution
		{D0290791-D056-4940-B789-A08E38525FF0}.Debug|Any CPU.ActiveCfg = Debug|Any CPU
		{D0290791-D056-4940-B789-A08E38525FF0}.Debug|Any CPU.Build.0 = Debug|Any CPU
		{D0290791-D056-4940-B789-A08E38525FF0}.Release|Any CPU.ActiveCfg = Release|Any CPU
		{D0290791-D056-4940-B789-A08E38525FF0}.Release|Any CPU.Build.0 = Release|Any CPU
		{ABEE288D-1612-4BAE-B439-FD1618F00814}.Debug|Any CPU.ActiveCfg = Debug|Any CPU
		{ABEE288D-1612-4BAE-B439-FD1618F00814}.Debug|Any CPU.Build.0 = Debug|Any CPU
		{ABEE288D-1612-4BAE-B439-FD1618F00814}.Release|Any CPU.ActiveCfg = Release|Any CPU
		{ABEE288D-1612-4BAE-B439-FD1618F00814}.Release|Any CPU.Build.0 = Release|Any CPU
	EndGlobalSection
	GlobalSection(SolutionProperties) = preSolution
		HideSolutionNode = FALSE
	EndGlobalSection
	GlobalSection(ExtensibilityGlobals) = postSolution
		SolutionGuid = {EF58CC05-95A3-4770-BFE8-C512300882C2}
	EndGlobalSection
EndGlobal
